// !$*UTF8*$!
{
	archiveVersion = 1;
	classes = {
	};
	objectVersion = 56;
	objects = {

/* Begin PBXBuildFile section */
		F11F5C972AE8AADC008407A9 /* main.swift in Sources */ = {isa = PBXBuildFile; fileRef = F11F5C962AE8AADC008407A9 /* main.swift */; };
		F11F5C9B2AE8AADD008407A9 /* Assets.xcassets in Resources */ = {isa = PBXBuildFile; fileRef = F11F5C9A2AE8AADD008407A9 /* Assets.xcassets */; };
		F11F5C9E2AE8AADD008407A9 /* Preview Assets.xcassets in Resources */ = {isa = PBXBuildFile; fileRef = F11F5C9D2AE8AADD008407A9 /* Preview Assets.xcassets */; };
		F11F5CA62AE8AAFA008407A9 /* STRAYIT in Frameworks */ = {isa = PBXBuildFile; productRef = F11F5CA52AE8AAFA008407A9 /* STRAYIT */; };
		F11F5CB92AE8AB94008407A9 /* In-House.app in Embed Watch Content */ = {isa = PBXBuildFile; fileRef = F11F5CAC2AE8AB93008407A9 /* In-House.app */; settings = {ATTRIBUTES = (RemoveHeadersOnCopy, ); }; };
		F15E24382AE8AC1600F64248 /* Assets.xcassets in Resources */ = {isa = PBXBuildFile; fileRef = F11F5C9A2AE8AADD008407A9 /* Assets.xcassets */; };
		F15E24392AE8ADBB00F64248 /* AppRoot.swift in Sources */ = {isa = PBXBuildFile; fileRef = F15E24332AE8ABE500F64248 /* AppRoot.swift */; };
/* End PBXBuildFile section */

/* Begin PBXContainerItemProxy section */
		F11F5CB72AE8AB94008407A9 /* PBXContainerItemProxy */ = {
			isa = PBXContainerItemProxy;
			containerPortal = F11F5C8B2AE8AADC008407A9 /* Project object */;
			proxyType = 1;
			remoteGlobalIDString = F11F5CAB2AE8AB93008407A9;
			remoteInfo = "Watch In-House Watch App";
		};
/* End PBXContainerItemProxy section */

/* Begin PBXCopyFilesBuildPhase section */
		F11F5CBD2AE8AB94008407A9 /* Embed Watch Content */ = {
			isa = PBXCopyFilesBuildPhase;
			buildActionMask = 2147483647;
			dstPath = "$(CONTENTS_FOLDER_PATH)/Watch";
			dstSubfolderSpec = 16;
			files = (
				F11F5CB92AE8AB94008407A9 /* In-House.app in Embed Watch Content */,
			);
			name = "Embed Watch Content";
			runOnlyForDeploymentPostprocessing = 0;
		};
/* End PBXCopyFilesBuildPhase section */

/* Begin PBXFileReference section */
		F11F5C932AE8AADC008407A9 /* In-House.app */ = {isa = PBXFileReference; explicitFileType = wrapper.application; includeInIndex = 0; path = "In-House.app"; sourceTree = BUILT_PRODUCTS_DIR; };
		F11F5C962AE8AADC008407A9 /* main.swift */ = {isa = PBXFileReference; lastKnownFileType = sourcecode.swift; path = main.swift; sourceTree = "<group>"; };
		F11F5C9A2AE8AADD008407A9 /* Assets.xcassets */ = {isa = PBXFileReference; lastKnownFileType = folder.assetcatalog; path = Assets.xcassets; sourceTree = "<group>"; };
		F11F5C9D2AE8AADD008407A9 /* Preview Assets.xcassets */ = {isa = PBXFileReference; lastKnownFileType = folder.assetcatalog; path = "Preview Assets.xcassets"; sourceTree = "<group>"; };
		F11F5CA72AE8AB3E008407A9 /* Info.plist */ = {isa = PBXFileReference; lastKnownFileType = text.plist; path = Info.plist; sourceTree = "<group>"; };
		F11F5CAC2AE8AB93008407A9 /* In-House.app */ = {isa = PBXFileReference; explicitFileType = wrapper.application; includeInIndex = 0; path = "In-House.app"; sourceTree = BUILT_PRODUCTS_DIR; };
		F15E24332AE8ABE500F64248 /* AppRoot.swift */ = {isa = PBXFileReference; fileEncoding = 4; lastKnownFileType = sourcecode.swift; path = AppRoot.swift; sourceTree = "<group>"; };
/* End PBXFileReference section */

/* Begin PBXFrameworksBuildPhase section */
		F11F5C902AE8AADC008407A9 /* Frameworks */ = {
			isa = PBXFrameworksBuildPhase;
			buildActionMask = 2147483647;
			files = (
				F11F5CA62AE8AAFA008407A9 /* STRAYIT in Frameworks */,
			);
			runOnlyForDeploymentPostprocessing = 0;
		};
		F11F5CA92AE8AB93008407A9 /* Frameworks */ = {
			isa = PBXFrameworksBuildPhase;
			buildActionMask = 2147483647;
			files = (
			);
			runOnlyForDeploymentPostprocessing = 0;
		};
/* End PBXFrameworksBuildPhase section */

/* Begin PBXGroup section */
		F11F5C8A2AE8AADC008407A9 = {
			isa = PBXGroup;
			children = (
				F11F5C952AE8AADC008407A9 /* In-House */,
				F15E242E2AE8ABE500F64248 /* WatchApp */,
				F11F5C942AE8AADC008407A9 /* Products */,
				F11F5CA42AE8AAFA008407A9 /* Frameworks */,
			);
			sourceTree = "<group>";
		};
		F11F5C942AE8AADC008407A9 /* Products */ = {
			isa = PBXGroup;
			children = (
				F11F5C932AE8AADC008407A9 /* In-House.app */,
				F11F5CAC2AE8AB93008407A9 /* In-House.app */,
			);
			name = Products;
			sourceTree = "<group>";
		};
		F11F5C952AE8AADC008407A9 /* In-House */ = {
			isa = PBXGroup;
			children = (
				F11F5CA72AE8AB3E008407A9 /* Info.plist */,
				F11F5C962AE8AADC008407A9 /* main.swift */,
				F11F5C9A2AE8AADD008407A9 /* Assets.xcassets */,
				F11F5C9C2AE8AADD008407A9 /* Preview Content */,
			);
			path = "In-House";
			sourceTree = "<group>";
		};
		F11F5C9C2AE8AADD008407A9 /* Preview Content */ = {
			isa = PBXGroup;
			children = (
				F11F5C9D2AE8AADD008407A9 /* Preview Assets.xcassets */,
			);
			path = "Preview Content";
			sourceTree = "<group>";
		};
		F11F5CA42AE8AAFA008407A9 /* Frameworks */ = {
			isa = PBXGroup;
			children = (
			);
			name = Frameworks;
			sourceTree = "<group>";
		};
		F15E242E2AE8ABE500F64248 /* WatchApp */ = {
			isa = PBXGroup;
			children = (
				F15E24332AE8ABE500F64248 /* AppRoot.swift */,
			);
			path = WatchApp;
			sourceTree = "<group>";
		};
/* End PBXGroup section */

/* Begin PBXNativeTarget section */
		F11F5C922AE8AADC008407A9 /* In-House */ = {
			isa = PBXNativeTarget;
			buildConfigurationList = F11F5CA12AE8AADD008407A9 /* Build configuration list for PBXNativeTarget "In-House" */;
			buildPhases = (
				F11F5C8F2AE8AADC008407A9 /* Sources */,
				F11F5C902AE8AADC008407A9 /* Frameworks */,
				F11F5C912AE8AADC008407A9 /* Resources */,
				F11F5CBD2AE8AB94008407A9 /* Embed Watch Content */,
			);
			buildRules = (
			);
			dependencies = (
				F11F5CB82AE8AB94008407A9 /* PBXTargetDependency */,
			);
			name = "In-House";
			packageProductDependencies = (
				F11F5CA52AE8AAFA008407A9 /* STRAYIT */,
			);
			productName = "In-House";
			productReference = F11F5C932AE8AADC008407A9 /* In-House.app */;
			productType = "com.apple.product-type.application";
		};
		F11F5CAB2AE8AB93008407A9 /* In-House WatchApp */ = {
			isa = PBXNativeTarget;
			buildConfigurationList = F11F5CBA2AE8AB94008407A9 /* Build configuration list for PBXNativeTarget "In-House WatchApp" */;
			buildPhases = (
				F11F5CA82AE8AB93008407A9 /* Sources */,
				F11F5CA92AE8AB93008407A9 /* Frameworks */,
				F11F5CAA2AE8AB93008407A9 /* Resources */,
			);
			buildRules = (
			);
			dependencies = (
			);
			name = "In-House WatchApp";
			productName = "Watch In-House Watch App";
			productReference = F11F5CAC2AE8AB93008407A9 /* In-House.app */;
			productType = "com.apple.product-type.application";
		};
/* End PBXNativeTarget section */

/* Begin PBXProject section */
		F11F5C8B2AE8AADC008407A9 /* Project object */ = {
			isa = PBXProject;
			attributes = {
				BuildIndependentTargetsInParallel = 1;
				LastSwiftUpdateCheck = 1500;
				LastUpgradeCheck = 1500;
				TargetAttributes = {
					F11F5C922AE8AADC008407A9 = {
						CreatedOnToolsVersion = 15.0.1;
					};
					F11F5CAB2AE8AB93008407A9 = {
						CreatedOnToolsVersion = 15.0.1;
					};
				};
			};
			buildConfigurationList = F11F5C8E2AE8AADC008407A9 /* Build configuration list for PBXProject "In-House" */;
			compatibilityVersion = "Xcode 14.0";
			developmentRegion = en;
			hasScannedForEncodings = 0;
			knownRegions = (
				en,
				Base,
			);
			mainGroup = F11F5C8A2AE8AADC008407A9;
			productRefGroup = F11F5C942AE8AADC008407A9 /* Products */;
			projectDirPath = "";
			projectRoot = "";
			targets = (
				F11F5C922AE8AADC008407A9 /* In-House */,
				F11F5CAB2AE8AB93008407A9 /* In-House WatchApp */,
			);
		};
/* End PBXProject section */

/* Begin PBXResourcesBuildPhase section */
		F11F5C912AE8AADC008407A9 /* Resources */ = {
			isa = PBXResourcesBuildPhase;
			buildActionMask = 2147483647;
			files = (
				F11F5C9E2AE8AADD008407A9 /* Preview Assets.xcassets in Resources */,
				F11F5C9B2AE8AADD008407A9 /* Assets.xcassets in Resources */,
			);
			runOnlyForDeploymentPostprocessing = 0;
		};
		F11F5CAA2AE8AB93008407A9 /* Resources */ = {
			isa = PBXResourcesBuildPhase;
			buildActionMask = 2147483647;
			files = (
				F15E24382AE8AC1600F64248 /* Assets.xcassets in Resources */,
			);
			runOnlyForDeploymentPostprocessing = 0;
		};
/* End PBXResourcesBuildPhase section */

/* Begin PBXSourcesBuildPhase section */
		F11F5C8F2AE8AADC008407A9 /* Sources */ = {
			isa = PBXSourcesBuildPhase;
			buildActionMask = 2147483647;
			files = (
				F11F5C972AE8AADC008407A9 /* main.swift in Sources */,
			);
			runOnlyForDeploymentPostprocessing = 0;
		};
		F11F5CA82AE8AB93008407A9 /* Sources */ = {
			isa = PBXSourcesBuildPhase;
			buildActionMask = 2147483647;
			files = (
				F15E24392AE8ADBB00F64248 /* AppRoot.swift in Sources */,
			);
			runOnlyForDeploymentPostprocessing = 0;
		};
/* End PBXSourcesBuildPhase section */

/* Begin PBXTargetDependency section */
		F11F5CB82AE8AB94008407A9 /* PBXTargetDependency */ = {
			isa = PBXTargetDependency;
			target = F11F5CAB2AE8AB93008407A9 /* In-House WatchApp */;
			targetProxy = F11F5CB72AE8AB94008407A9 /* PBXContainerItemProxy */;
		};
/* End PBXTargetDependency section */

/* Begin XCBuildConfiguration section */
		F11F5C9F2AE8AADD008407A9 /* Debug */ = {
			isa = XCBuildConfiguration;
			buildSettings = {
				ALWAYS_SEARCH_USER_PATHS = NO;
				ASSETCATALOG_COMPILER_GENERATE_SWIFT_ASSET_SYMBOL_EXTENSIONS = YES;
				CLANG_ANALYZER_NONNULL = YES;
				CLANG_ANALYZER_NUMBER_OBJECT_CONVERSION = YES_AGGRESSIVE;
				CLANG_CXX_LANGUAGE_STANDARD = "gnu++20";
				CLANG_ENABLE_MODULES = YES;
				CLANG_ENABLE_OBJC_ARC = YES;
				CLANG_ENABLE_OBJC_WEAK = YES;
				CLANG_WARN_BLOCK_CAPTURE_AUTORELEASING = YES;
				CLANG_WARN_BOOL_CONVERSION = YES;
				CLANG_WARN_COMMA = YES;
				CLANG_WARN_CONSTANT_CONVERSION = YES;
				CLANG_WARN_DEPRECATED_OBJC_IMPLEMENTATIONS = YES;
				CLANG_WARN_DIRECT_OBJC_ISA_USAGE = YES_ERROR;
				CLANG_WARN_DOCUMENTATION_COMMENTS = YES;
				CLANG_WARN_EMPTY_BODY = YES;
				CLANG_WARN_ENUM_CONVERSION = YES;
				CLANG_WARN_INFINITE_RECURSION = YES;
				CLANG_WARN_INT_CONVERSION = YES;
				CLANG_WARN_NON_LITERAL_NULL_CONVERSION = YES;
				CLANG_WARN_OBJC_IMPLICIT_RETAIN_SELF = YES;
				CLANG_WARN_OBJC_LITERAL_CONVERSION = YES;
				CLANG_WARN_OBJC_ROOT_CLASS = YES_ERROR;
				CLANG_WARN_QUOTED_INCLUDE_IN_FRAMEWORK_HEADER = YES;
				CLANG_WARN_RANGE_LOOP_ANALYSIS = YES;
				CLANG_WARN_STRICT_PROTOTYPES = YES;
				CLANG_WARN_SUSPICIOUS_MOVE = YES;
				CLANG_WARN_UNGUARDED_AVAILABILITY = YES_AGGRESSIVE;
				CLANG_WARN_UNREACHABLE_CODE = YES;
				CLANG_WARN__DUPLICATE_METHOD_MATCH = YES;
				COPY_PHASE_STRIP = NO;
				DEBUG_INFORMATION_FORMAT = dwarf;
				ENABLE_STRICT_OBJC_MSGSEND = YES;
				ENABLE_TESTABILITY = YES;
				ENABLE_USER_SCRIPT_SANDBOXING = YES;
				GCC_C_LANGUAGE_STANDARD = gnu17;
				GCC_DYNAMIC_NO_PIC = NO;
				GCC_NO_COMMON_BLOCKS = YES;
				GCC_OPTIMIZATION_LEVEL = 0;
				GCC_PREPROCESSOR_DEFINITIONS = (
					"DEBUG=1",
					"$(inherited)",
				);
				GCC_WARN_64_TO_32_BIT_CONVERSION = YES;
				GCC_WARN_ABOUT_RETURN_TYPE = YES_ERROR;
				GCC_WARN_UNDECLARED_SELECTOR = YES;
				GCC_WARN_UNINITIALIZED_AUTOS = YES_AGGRESSIVE;
				GCC_WARN_UNUSED_FUNCTION = YES;
				GCC_WARN_UNUSED_VARIABLE = YES;
				IPHONEOS_DEPLOYMENT_TARGET = 17.0;
				LOCALIZATION_PREFERS_STRING_CATALOGS = YES;
				MTL_ENABLE_DEBUG_INFO = INCLUDE_SOURCE;
				MTL_FAST_MATH = YES;
				ONLY_ACTIVE_ARCH = YES;
				SDKROOT = iphoneos;
				SWIFT_ACTIVE_COMPILATION_CONDITIONS = "DEBUG $(inherited)";
				SWIFT_OPTIMIZATION_LEVEL = "-Onone";
			};
			name = Debug;
		};
		F11F5CA02AE8AADD008407A9 /* Release */ = {
			isa = XCBuildConfiguration;
			buildSettings = {
				ALWAYS_SEARCH_USER_PATHS = NO;
				ASSETCATALOG_COMPILER_GENERATE_SWIFT_ASSET_SYMBOL_EXTENSIONS = YES;
				CLANG_ANALYZER_NONNULL = YES;
				CLANG_ANALYZER_NUMBER_OBJECT_CONVERSION = YES_AGGRESSIVE;
				CLANG_CXX_LANGUAGE_STANDARD = "gnu++20";
				CLANG_ENABLE_MODULES = YES;
				CLANG_ENABLE_OBJC_ARC = YES;
				CLANG_ENABLE_OBJC_WEAK = YES;
				CLANG_WARN_BLOCK_CAPTURE_AUTORELEASING = YES;
				CLANG_WARN_BOOL_CONVERSION = YES;
				CLANG_WARN_COMMA = YES;
				CLANG_WARN_CONSTANT_CONVERSION = YES;
				CLANG_WARN_DEPRECATED_OBJC_IMPLEMENTATIONS = YES;
				CLANG_WARN_DIRECT_OBJC_ISA_USAGE = YES_ERROR;
				CLANG_WARN_DOCUMENTATION_COMMENTS = YES;
				CLANG_WARN_EMPTY_BODY = YES;
				CLANG_WARN_ENUM_CONVERSION = YES;
				CLANG_WARN_INFINITE_RECURSION = YES;
				CLANG_WARN_INT_CONVERSION = YES;
				CLANG_WARN_NON_LITERAL_NULL_CONVERSION = YES;
				CLANG_WARN_OBJC_IMPLICIT_RETAIN_SELF = YES;
				CLANG_WARN_OBJC_LITERAL_CONVERSION = YES;
				CLANG_WARN_OBJC_ROOT_CLASS = YES_ERROR;
				CLANG_WARN_QUOTED_INCLUDE_IN_FRAMEWORK_HEADER = YES;
				CLANG_WARN_RANGE_LOOP_ANALYSIS = YES;
				CLANG_WARN_STRICT_PROTOTYPES = YES;
				CLANG_WARN_SUSPICIOUS_MOVE = YES;
				CLANG_WARN_UNGUARDED_AVAILABILITY = YES_AGGRESSIVE;
				CLANG_WARN_UNREACHABLE_CODE = YES;
				CLANG_WARN__DUPLICATE_METHOD_MATCH = YES;
				COPY_PHASE_STRIP = NO;
				DEBUG_INFORMATION_FORMAT = "dwarf-with-dsym";
				ENABLE_NS_ASSERTIONS = NO;
				ENABLE_STRICT_OBJC_MSGSEND = YES;
				ENABLE_USER_SCRIPT_SANDBOXING = YES;
				GCC_C_LANGUAGE_STANDARD = gnu17;
				GCC_NO_COMMON_BLOCKS = YES;
				GCC_WARN_64_TO_32_BIT_CONVERSION = YES;
				GCC_WARN_ABOUT_RETURN_TYPE = YES_ERROR;
				GCC_WARN_UNDECLARED_SELECTOR = YES;
				GCC_WARN_UNINITIALIZED_AUTOS = YES_AGGRESSIVE;
				GCC_WARN_UNUSED_FUNCTION = YES;
				GCC_WARN_UNUSED_VARIABLE = YES;
				IPHONEOS_DEPLOYMENT_TARGET = 17.0;
				LOCALIZATION_PREFERS_STRING_CATALOGS = YES;
				MTL_ENABLE_DEBUG_INFO = NO;
				MTL_FAST_MATH = YES;
				SDKROOT = iphoneos;
				SWIFT_COMPILATION_MODE = wholemodule;
				VALIDATE_PRODUCT = YES;
			};
			name = Release;
		};
		F11F5CA22AE8AADD008407A9 /* Debug */ = {
			isa = XCBuildConfiguration;
			buildSettings = {
				ALWAYS_EMBED_SWIFT_STANDARD_LIBRARIES = YES;
				ASSETCATALOG_COMPILER_APPICON_NAME = AppIcon;
				ASSETCATALOG_COMPILER_GLOBAL_ACCENT_COLOR_NAME = AccentColor;
				CODE_SIGN_STYLE = Automatic;
				CURRENT_PROJECT_VERSION = 1;
				DEVELOPMENT_ASSET_PATHS = "\"In-House/Preview Content\"";
				DEVELOPMENT_TEAM = 4YP7SQBLYV;
				ENABLE_PREVIEWS = YES;
				GENERATE_INFOPLIST_FILE = YES;
				INFOPLIST_FILE = "In-House/Info.plist";
				INFOPLIST_KEY_CFBundleDisplayName = "In-House";
				INFOPLIST_KEY_LSApplicationCategoryType = "public.app-category.navigation";
				INFOPLIST_KEY_NSLocationAlwaysAndWhenInUseUsageDescription = "This app uses your location for navigation. Your location will not be collected or shared without your consent.";
				INFOPLIST_KEY_NSLocationWhenInUseUsageDescription = "This app uses your location for navigation. Your location will not be collected or shared without your consent.";
				INFOPLIST_KEY_UIApplicationSceneManifest_Generation = YES;
				INFOPLIST_KEY_UIApplicationSupportsIndirectInputEvents = YES;
				INFOPLIST_KEY_UILaunchScreen_Generation = YES;
				INFOPLIST_KEY_UISupportedInterfaceOrientations = UIInterfaceOrientationPortrait;
				INFOPLIST_KEY_UISupportedInterfaceOrientations_iPad = "UIInterfaceOrientationLandscapeLeft UIInterfaceOrientationLandscapeRight UIInterfaceOrientationPortrait UIInterfaceOrientationPortraitUpsideDown";
				LD_RUNPATH_SEARCH_PATHS = (
					"$(inherited)",
					"@executable_path/Frameworks",
				);
				MARKETING_VERSION = 1.0;
				PRODUCT_BUNDLE_IDENTIFIER = "com.kantacky.STRAY-IT.In-House";
				PRODUCT_NAME = "$(TARGET_NAME)";
				SUPPORTED_PLATFORMS = "iphoneos iphonesimulator";
				SUPPORTS_MACCATALYST = NO;
				SUPPORTS_MAC_DESIGNED_FOR_IPHONE_IPAD = NO;
				SUPPORTS_XR_DESIGNED_FOR_IPHONE_IPAD = NO;
				SWIFT_EMIT_LOC_STRINGS = YES;
				SWIFT_VERSION = 5.0;
				TARGETED_DEVICE_FAMILY = 1;
			};
			name = Debug;
		};
		F11F5CA32AE8AADD008407A9 /* Release */ = {
			isa = XCBuildConfiguration;
			buildSettings = {
				ALWAYS_EMBED_SWIFT_STANDARD_LIBRARIES = YES;
				ASSETCATALOG_COMPILER_APPICON_NAME = AppIcon;
				ASSETCATALOG_COMPILER_GLOBAL_ACCENT_COLOR_NAME = AccentColor;
				CODE_SIGN_STYLE = Automatic;
				CURRENT_PROJECT_VERSION = 1;
				DEVELOPMENT_ASSET_PATHS = "\"In-House/Preview Content\"";
				DEVELOPMENT_TEAM = 4YP7SQBLYV;
				ENABLE_PREVIEWS = YES;
				GENERATE_INFOPLIST_FILE = YES;
				INFOPLIST_FILE = "In-House/Info.plist";
				INFOPLIST_KEY_CFBundleDisplayName = "In-House";
				INFOPLIST_KEY_LSApplicationCategoryType = "public.app-category.navigation";
				INFOPLIST_KEY_NSLocationAlwaysAndWhenInUseUsageDescription = "This app uses your location for navigation. Your location will not be collected or shared without your consent.";
				INFOPLIST_KEY_NSLocationWhenInUseUsageDescription = "This app uses your location for navigation. Your location will not be collected or shared without your consent.";
				INFOPLIST_KEY_UIApplicationSceneManifest_Generation = YES;
				INFOPLIST_KEY_UIApplicationSupportsIndirectInputEvents = YES;
				INFOPLIST_KEY_UILaunchScreen_Generation = YES;
				INFOPLIST_KEY_UISupportedInterfaceOrientations = UIInterfaceOrientationPortrait;
				INFOPLIST_KEY_UISupportedInterfaceOrientations_iPad = "UIInterfaceOrientationLandscapeLeft UIInterfaceOrientationLandscapeRight UIInterfaceOrientationPortrait UIInterfaceOrientationPortraitUpsideDown";
				LD_RUNPATH_SEARCH_PATHS = (
					"$(inherited)",
					"@executable_path/Frameworks",
				);
				MARKETING_VERSION = 1.0;
				PRODUCT_BUNDLE_IDENTIFIER = "com.kantacky.STRAY-IT.In-House";
				PRODUCT_NAME = "$(TARGET_NAME)";
				SUPPORTED_PLATFORMS = "iphoneos iphonesimulator";
				SUPPORTS_MACCATALYST = NO;
				SUPPORTS_MAC_DESIGNED_FOR_IPHONE_IPAD = NO;
				SUPPORTS_XR_DESIGNED_FOR_IPHONE_IPAD = NO;
				SWIFT_EMIT_LOC_STRINGS = YES;
				SWIFT_VERSION = 5.0;
				TARGETED_DEVICE_FAMILY = 1;
			};
			name = Release;
		};
		F11F5CBB2AE8AB94008407A9 /* Debug */ = {
			isa = XCBuildConfiguration;
			buildSettings = {
				ASSETCATALOG_COMPILER_APPICON_NAME = AppIcon;
				ASSETCATALOG_COMPILER_GLOBAL_ACCENT_COLOR_NAME = AccentColor;
				CODE_SIGN_STYLE = Automatic;
				CURRENT_PROJECT_VERSION = 1;
				DEVELOPMENT_ASSET_PATHS = "\"In-House/Preview Content\"";
				DEVELOPMENT_TEAM = 4YP7SQBLYV;
				ENABLE_PREVIEWS = YES;
				GENERATE_INFOPLIST_FILE = YES;
				INFOPLIST_KEY_UISupportedInterfaceOrientations = "UIInterfaceOrientationPortrait UIInterfaceOrientationPortraitUpsideDown";
				INFOPLIST_KEY_WKCompanionAppBundleIdentifier = "com.kantacky.STRAY-IT.In-House";
				LD_RUNPATH_SEARCH_PATHS = (
					"$(inherited)",
					"@executable_path/Frameworks",
				);
				MARKETING_VERSION = 1.0;
				PRODUCT_BUNDLE_IDENTIFIER = "com.kantacky.STRAY-IT.In-House.watchkitapp";
				PRODUCT_NAME = "In-House";
				SDKROOT = watchos;
				SKIP_INSTALL = YES;
				SWIFT_EMIT_LOC_STRINGS = YES;
				SWIFT_VERSION = 5.0;
				TARGETED_DEVICE_FAMILY = 4;
				WATCHOS_DEPLOYMENT_TARGET = 10.0;
			};
			name = Debug;
		};
		F11F5CBC2AE8AB94008407A9 /* Release */ = {
			isa = XCBuildConfiguration;
			buildSettings = {
				ASSETCATALOG_COMPILER_APPICON_NAME = AppIcon;
				ASSETCATALOG_COMPILER_GLOBAL_ACCENT_COLOR_NAME = AccentColor;
				CODE_SIGN_STYLE = Automatic;
				CURRENT_PROJECT_VERSION = 1;
				DEVELOPMENT_ASSET_PATHS = "\"In-House/Preview Content\"";
				DEVELOPMENT_TEAM = 4YP7SQBLYV;
				ENABLE_PREVIEWS = YES;
				GENERATE_INFOPLIST_FILE = YES;
				INFOPLIST_KEY_UISupportedInterfaceOrientations = "UIInterfaceOrientationPortrait UIInterfaceOrientationPortraitUpsideDown";
				INFOPLIST_KEY_WKCompanionAppBundleIdentifier = "com.kantacky.STRAY-IT.In-House";
				LD_RUNPATH_SEARCH_PATHS = (
					"$(inherited)",
					"@executable_path/Frameworks",
				);
				MARKETING_VERSION = 1.0;
				PRODUCT_BUNDLE_IDENTIFIER = "com.kantacky.STRAY-IT.In-House.watchkitapp";
				PRODUCT_NAME = "In-House";
				SDKROOT = watchos;
				SKIP_INSTALL = YES;
				SWIFT_EMIT_LOC_STRINGS = YES;
				SWIFT_VERSION = 5.0;
				TARGETED_DEVICE_FAMILY = 4;
				WATCHOS_DEPLOYMENT_TARGET = 10.0;
			};
			name = Release;
		};
/* End XCBuildConfiguration section */

/* Begin XCConfigurationList section */
		F11F5C8E2AE8AADC008407A9 /* Build configuration list for PBXProject "In-House" */ = {
			isa = XCConfigurationList;
			buildConfigurations = (
				F11F5C9F2AE8AADD008407A9 /* Debug */,
				F11F5CA02AE8AADD008407A9 /* Release */,
			);
			defaultConfigurationIsVisible = 0;
			defaultConfigurationName = Release;
		};
		F11F5CA12AE8AADD008407A9 /* Build configuration list for PBXNativeTarget "In-House" */ = {
			isa = XCConfigurationList;
			buildConfigurations = (
				F11F5CA22AE8AADD008407A9 /* Debug */,
				F11F5CA32AE8AADD008407A9 /* Release */,
			);
			defaultConfigurationIsVisible = 0;
			defaultConfigurationName = Release;
		};
		F11F5CBA2AE8AB94008407A9 /* Build configuration list for PBXNativeTarget "In-House WatchApp" */ = {
			isa = XCConfigurationList;
			buildConfigurations = (
				F11F5CBB2AE8AB94008407A9 /* Debug */,
				F11F5CBC2AE8AB94008407A9 /* Release */,
			);
			defaultConfigurationIsVisible = 0;
			defaultConfigurationName = Release;
		};
/* End XCConfigurationList section */

/* Begin XCSwiftPackageProductDependency section */
		F11F5CA52AE8AAFA008407A9 /* STRAYIT */ = {
			isa = XCSwiftPackageProductDependency;
			productName = STRAYIT;
		};
/* End XCSwiftPackageProductDependency section */
	};
	rootObject = F11F5C8B2AE8AADC008407A9 /* Project object */;
}
